
Microsoft Visual Studio Solution File, Format Version 12.00
# Visual Studio Version 16
VisualStudioVersion = 16.0.31025.194
MinimumVisualStudioVersion = 10.0.40219.1
Project("{9A19103F-16F7-4668-BE54-9A1E7A4F7556}") = "QueryLanguage", "src\QueryLanguage\QueryLanguage.csproj", "{64258C0F-6D0E-4A82-9C21-5BE8EAF3C571}"
EndProject
Project("{FAE04EC0-301F-11D3-BF4B-00C04F79EFBC}") = "QueryLanguage.Tests", "src\QueryLanguage.Tests\QueryLanguage.Tests.csproj", "{C6BBFD08-DBD3-4209-948D-B5BFF9A86ED4}"
EndProject
Global
	GlobalSection(SolutionConfigurationPlatforms) = preSolution
		Debug|Any CPU = Debug|Any CPU
		Release|Any CPU = Release|Any CPU
	EndGlobalSection
	GlobalSection(ProjectConfigurationPlatforms) = postSolution
		{64258C0F-6D0E-4A82-9C21-5BE8EAF3C571}.Debug|Any CPU.ActiveCfg = Debug|Any CPU
		{64258C0F-6D0E-4A82-9C21-5BE8EAF3C571}.Debug|Any CPU.Build.0 = Debug|Any CPU
		{64258C0F-6D0E-4A82-9C21-5BE8EAF3C571}.Release|Any CPU.ActiveCfg = Release|Any CPU
		{64258C0F-6D0E-4A82-9C21-5BE8EAF3C571}.Release|Any CPU.Build.0 = Release|Any CPU
		{C6BBFD08-DBD3-4209-948D-B5BFF9A86ED4}.Debug|Any CPU.ActiveCfg = Debug|Any CPU
		{C6BBFD08-DBD3-4209-948D-B5BFF9A86ED4}.Debug|Any CPU.Build.0 = Debug|Any CPU
		{C6BBFD08-DBD3-4209-948D-B5BFF9A86ED4}.Release|Any CPU.ActiveCfg = Release|Any CPU
		{C6BBFD08-DBD3-4209-948D-B5BFF9A86ED4}.Release|Any CPU.Build.0 = Release|Any CPU
	EndGlobalSection
	GlobalSection(SolutionProperties) = preSolution
		HideSolutionNode = FALSE
	EndGlobalSection
	GlobalSection(ExtensibilityGlobals) = postSolution
		SolutionGuid = {EACB2306-79EA-4566-8C66-14B9D7845565}
	EndGlobalSection
EndGlobal
